// !$*UTF8*$!
{
	archiveVersion = 1;
	classes = {
	};
	objectVersion = 56;
	objects = {

/* Begin PBXBuildFile section */
		6308CB8C2971D52700B0766D /* OnboardingButtonFile.swift in Sources */ = {isa = PBXBuildFile; fileRef = 6308CB8B2971D52700B0766D /* OnboardingButtonFile.swift */; };
		6308CB8E2971DFB600B0766D /* DrawView.swift in Sources */ = {isa = PBXBuildFile; fileRef = 6308CB8D2971DFB600B0766D /* DrawView.swift */; };
		630D57482971941F0072E651 /* PyktoChatApp.swift in Sources */ = {isa = PBXBuildFile; fileRef = 630D57472971941F0072E651 /* PyktoChatApp.swift */; };
		630D574A2971941F0072E651 /* RootView.swift in Sources */ = {isa = PBXBuildFile; fileRef = 630D57492971941F0072E651 /* RootView.swift */; };
		630D574C297194200072E651 /* Assets.xcassets in Resources */ = {isa = PBXBuildFile; fileRef = 630D574B297194200072E651 /* Assets.xcassets */; };
		630D574F297194200072E651 /* Preview Assets.xcassets in Resources */ = {isa = PBXBuildFile; fileRef = 630D574E297194200072E651 /* Preview Assets.xcassets */; };
		630D575E29719C750072E651 /* LexendDeca-Bold.ttf in Resources */ = {isa = PBXBuildFile; fileRef = 630D575B29719C750072E651 /* LexendDeca-Bold.ttf */; };
		630D575F29719C750072E651 /* LexendDeca-SemiBold.ttf in Resources */ = {isa = PBXBuildFile; fileRef = 630D575C29719C750072E651 /* LexendDeca-SemiBold.ttf */; };
		630D576029719C750072E651 /* LexendDeca-Regular.ttf in Resources */ = {isa = PBXBuildFile; fileRef = 630D575D29719C750072E651 /* LexendDeca-Regular.ttf */; };
		630D576329719F3B0072E651 /* Fonts.swift in Sources */ = {isa = PBXBuildFile; fileRef = 630D576229719F3B0072E651 /* Fonts.swift */; };
		630D57652971AD320072E651 /* GoogleService-Info.plist in Resources */ = {isa = PBXBuildFile; fileRef = 630D57642971AD320072E651 /* GoogleService-Info.plist */; };
		630D57682971B1790072E651 /* FirebaseAuth in Frameworks */ = {isa = PBXBuildFile; productRef = 630D57672971B1790072E651 /* FirebaseAuth */; };
		630D576A2971B1790072E651 /* FirebaseFirestore in Frameworks */ = {isa = PBXBuildFile; productRef = 630D57692971B1790072E651 /* FirebaseFirestore */; };
		630D576C2971B1790072E651 /* FirebaseFirestoreSwift in Frameworks */ = {isa = PBXBuildFile; productRef = 630D576B2971B1790072E651 /* FirebaseFirestoreSwift */; };
		630D576E2971B1790072E651 /* FirebaseStorage in Frameworks */ = {isa = PBXBuildFile; productRef = 630D576D2971B1790072E651 /* FirebaseStorage */; };
		630D57702971B2330072E651 /* AppDelegate.swift in Sources */ = {isa = PBXBuildFile; fileRef = 630D576F2971B2330072E651 /* AppDelegate.swift */; };
		630D57732971C2670072E651 /* AuthViewModel.swift in Sources */ = {isa = PBXBuildFile; fileRef = 630D57722971C2670072E651 /* AuthViewModel.swift */; };
		630D57752971C8600072E651 /* OnboardingContainerView.swift in Sources */ = {isa = PBXBuildFile; fileRef = 630D57742971C8600072E651 /* OnboardingContainerView.swift */; };
		630D57772971CAFC0072E651 /* WelcomeView.swift in Sources */ = {isa = PBXBuildFile; fileRef = 630D57762971CAFC0072E651 /* WelcomeView.swift */; };
		630D57792971CB070072E651 /* PhoneNumberView.swift in Sources */ = {isa = PBXBuildFile; fileRef = 630D57782971CB070072E651 /* PhoneNumberView.swift */; };
		630D577B2971CB1E0072E651 /* VerificationView.swift in Sources */ = {isa = PBXBuildFile; fileRef = 630D577A2971CB1E0072E651 /* VerificationView.swift */; };
		630D577D2971CB2D0072E651 /* CreateProfileView.swift in Sources */ = {isa = PBXBuildFile; fileRef = 630D577C2971CB2D0072E651 /* CreateProfileView.swift */; };
		630D577F2971CB3F0072E651 /* SyncContactsView.swift in Sources */ = {isa = PBXBuildFile; fileRef = 630D577E2971CB3F0072E651 /* SyncContactsView.swift */; };
/* End PBXBuildFile section */

/* Begin PBXFileReference section */
		6308CB8B2971D52700B0766D /* OnboardingButtonFile.swift */ = {isa = PBXFileReference; lastKnownFileType = sourcecode.swift; path = OnboardingButtonFile.swift; sourceTree = "<group>"; };
		6308CB8D2971DFB600B0766D /* DrawView.swift */ = {isa = PBXFileReference; lastKnownFileType = sourcecode.swift; path = DrawView.swift; sourceTree = "<group>"; };
		630D57442971941F0072E651 /* PyktoChat.app */ = {isa = PBXFileReference; explicitFileType = wrapper.application; includeInIndex = 0; path = PyktoChat.app; sourceTree = BUILT_PRODUCTS_DIR; };
		630D57472971941F0072E651 /* PyktoChatApp.swift */ = {isa = PBXFileReference; lastKnownFileType = sourcecode.swift; path = PyktoChatApp.swift; sourceTree = "<group>"; };
		630D57492971941F0072E651 /* RootView.swift */ = {isa = PBXFileReference; lastKnownFileType = sourcecode.swift; path = RootView.swift; sourceTree = "<group>"; };
		630D574B297194200072E651 /* Assets.xcassets */ = {isa = PBXFileReference; lastKnownFileType = folder.assetcatalog; path = Assets.xcassets; sourceTree = "<group>"; };
		630D574E297194200072E651 /* Preview Assets.xcassets */ = {isa = PBXFileReference; lastKnownFileType = folder.assetcatalog; path = "Preview Assets.xcassets"; sourceTree = "<group>"; };
		630D575B29719C750072E651 /* LexendDeca-Bold.ttf */ = {isa = PBXFileReference; lastKnownFileType = file; path = "LexendDeca-Bold.ttf"; sourceTree = "<group>"; };
		630D575C29719C750072E651 /* LexendDeca-SemiBold.ttf */ = {isa = PBXFileReference; lastKnownFileType = file; path = "LexendDeca-SemiBold.ttf"; sourceTree = "<group>"; };
		630D575D29719C750072E651 /* LexendDeca-Regular.ttf */ = {isa = PBXFileReference; lastKnownFileType = file; path = "LexendDeca-Regular.ttf"; sourceTree = "<group>"; };
		630D576129719CB00072E651 /* Info.plist */ = {isa = PBXFileReference; lastKnownFileType = text.plist; path = Info.plist; sourceTree = "<group>"; };
		630D576229719F3B0072E651 /* Fonts.swift */ = {isa = PBXFileReference; lastKnownFileType = sourcecode.swift; path = Fonts.swift; sourceTree = "<group>"; };
		630D57642971AD320072E651 /* GoogleService-Info.plist */ = {isa = PBXFileReference; fileEncoding = 4; lastKnownFileType = text.plist.xml; path = "GoogleService-Info.plist"; sourceTree = "<group>"; };
		630D576F2971B2330072E651 /* AppDelegate.swift */ = {isa = PBXFileReference; lastKnownFileType = sourcecode.swift; path = AppDelegate.swift; sourceTree = "<group>"; };
		630D57712971B5890072E651 /* PyktoChat.entitlements */ = {isa = PBXFileReference; lastKnownFileType = text.plist.entitlements; path = PyktoChat.entitlements; sourceTree = "<group>"; };
		630D57722971C2670072E651 /* AuthViewModel.swift */ = {isa = PBXFileReference; lastKnownFileType = sourcecode.swift; path = AuthViewModel.swift; sourceTree = "<group>"; };
		630D57742971C8600072E651 /* OnboardingContainerView.swift */ = {isa = PBXFileReference; lastKnownFileType = sourcecode.swift; path = OnboardingContainerView.swift; sourceTree = "<group>"; };
		630D57762971CAFC0072E651 /* WelcomeView.swift */ = {isa = PBXFileReference; lastKnownFileType = sourcecode.swift; path = WelcomeView.swift; sourceTree = "<group>"; };
		630D57782971CB070072E651 /* PhoneNumberView.swift */ = {isa = PBXFileReference; lastKnownFileType = sourcecode.swift; path = PhoneNumberView.swift; sourceTree = "<group>"; };
		630D577A2971CB1E0072E651 /* VerificationView.swift */ = {isa = PBXFileReference; lastKnownFileType = sourcecode.swift; path = VerificationView.swift; sourceTree = "<group>"; };
		630D577C2971CB2D0072E651 /* CreateProfileView.swift */ = {isa = PBXFileReference; lastKnownFileType = sourcecode.swift; path = CreateProfileView.swift; sourceTree = "<group>"; };
		630D577E2971CB3F0072E651 /* SyncContactsView.swift */ = {isa = PBXFileReference; lastKnownFileType = sourcecode.swift; path = SyncContactsView.swift; sourceTree = "<group>"; };
/* End PBXFileReference section */

/* Begin PBXFrameworksBuildPhase section */
		630D57412971941F0072E651 /* Frameworks */ = {
			isa = PBXFrameworksBuildPhase;
			buildActionMask = 2147483647;
			files = (
				630D57682971B1790072E651 /* FirebaseAuth in Frameworks */,
				630D576E2971B1790072E651 /* FirebaseStorage in Frameworks */,
				630D576A2971B1790072E651 /* FirebaseFirestore in Frameworks */,
				630D576C2971B1790072E651 /* FirebaseFirestoreSwift in Frameworks */,
			);
			runOnlyForDeploymentPostprocessing = 0;
		};
/* End PBXFrameworksBuildPhase section */

/* Begin PBXGroup section */
		630D573B2971941F0072E651 = {
			isa = PBXGroup;
			children = (
				630D57462971941F0072E651 /* PyktoChat */,
				630D57452971941F0072E651 /* Products */,
			);
			sourceTree = "<group>";
		};
		630D57452971941F0072E651 /* Products */ = {
			isa = PBXGroup;
			children = (
				630D57442971941F0072E651 /* PyktoChat.app */,
			);
			name = Products;
			sourceTree = "<group>";
		};
		630D57462971941F0072E651 /* PyktoChat */ = {
			isa = PBXGroup;
			children = (
				630D57712971B5890072E651 /* PyktoChat.entitlements */,
				630D576129719CB00072E651 /* Info.plist */,
				630D57642971AD320072E651 /* GoogleService-Info.plist */,
				630D576F2971B2330072E651 /* AppDelegate.swift */,
				630D57472971941F0072E651 /* PyktoChatApp.swift */,
				630D574D297194200072E651 /* Preview Content */,
				630D575A297194E90072E651 /* Fonts */,
				630D5759297194D30072E651 /* Helpers */,
				630D5758297194C90072E651 /* Services */,
				630D5756297194810072E651 /* Model */,
				630D5755297194490072E651 /* ViewModel */,
				630D57572971949E0072E651 /* View */,
				630D574B297194200072E651 /* Assets.xcassets */,
			);
			path = PyktoChat;
			sourceTree = "<group>";
		};
		630D574D297194200072E651 /* Preview Content */ = {
			isa = PBXGroup;
			children = (
				630D574E297194200072E651 /* Preview Assets.xcassets */,
			);
			path = "Preview Content";
			sourceTree = "<group>";
		};
		630D5755297194490072E651 /* ViewModel */ = {
			isa = PBXGroup;
			children = (
				630D57722971C2670072E651 /* AuthViewModel.swift */,
			);
			path = ViewModel;
			sourceTree = "<group>";
		};
		630D5756297194810072E651 /* Model */ = {
			isa = PBXGroup;
			children = (
			);
			path = Model;
			sourceTree = "<group>";
		};
		630D57572971949E0072E651 /* View */ = {
			isa = PBXGroup;
			children = (
				630D57492971941F0072E651 /* RootView.swift */,
				630D57742971C8600072E651 /* OnboardingContainerView.swift */,
				630D57762971CAFC0072E651 /* WelcomeView.swift */,
				630D57782971CB070072E651 /* PhoneNumberView.swift */,
				630D577A2971CB1E0072E651 /* VerificationView.swift */,
				630D577C2971CB2D0072E651 /* CreateProfileView.swift */,
				630D577E2971CB3F0072E651 /* SyncContactsView.swift */,
				6308CB8D2971DFB600B0766D /* DrawView.swift */,
			);
			path = View;
			sourceTree = "<group>";
		};
		630D5758297194C90072E651 /* Services */ = {
			isa = PBXGroup;
			children = (
			);
			path = Services;
			sourceTree = "<group>";
		};
		630D5759297194D30072E651 /* Helpers */ = {
			isa = PBXGroup;
			children = (
				630D576229719F3B0072E651 /* Fonts.swift */,
				6308CB8B2971D52700B0766D /* OnboardingButtonFile.swift */,
			);
			path = Helpers;
			sourceTree = "<group>";
		};
		630D575A297194E90072E651 /* Fonts */ = {
			isa = PBXGroup;
			children = (
				630D575B29719C750072E651 /* LexendDeca-Bold.ttf */,
				630D575D29719C750072E651 /* LexendDeca-Regular.ttf */,
				630D575C29719C750072E651 /* LexendDeca-SemiBold.ttf */,
			);
			path = Fonts;
			sourceTree = "<group>";
		};
/* End PBXGroup section */

/* Begin PBXNativeTarget section */
		630D57432971941F0072E651 /* PyktoChat */ = {
			isa = PBXNativeTarget;
			buildConfigurationList = 630D5752297194200072E651 /* Build configuration list for PBXNativeTarget "PyktoChat" */;
			buildPhases = (
				630D57402971941F0072E651 /* Sources */,
				630D57412971941F0072E651 /* Frameworks */,
				630D57422971941F0072E651 /* Resources */,
			);
			buildRules = (
			);
			dependencies = (
			);
			name = PyktoChat;
			packageProductDependencies = (
				630D57672971B1790072E651 /* FirebaseAuth */,
				630D57692971B1790072E651 /* FirebaseFirestore */,
				630D576B2971B1790072E651 /* FirebaseFirestoreSwift */,
				630D576D2971B1790072E651 /* FirebaseStorage */,
			);
			productName = PyktoChat;
			productReference = 630D57442971941F0072E651 /* PyktoChat.app */;
			productType = "com.apple.product-type.application";
		};
/* End PBXNativeTarget section */

/* Begin PBXProject section */
		630D573C2971941F0072E651 /* Project object */ = {
			isa = PBXProject;
			attributes = {
				BuildIndependentTargetsInParallel = 1;
				LastSwiftUpdateCheck = 1420;
				LastUpgradeCheck = 1420;
				TargetAttributes = {
					630D57432971941F0072E651 = {
						CreatedOnToolsVersion = 14.2;
					};
				};
			};
			buildConfigurationList = 630D573F2971941F0072E651 /* Build configuration list for PBXProject "PyktoChat" */;
			compatibilityVersion = "Xcode 14.0";
			developmentRegion = en;
			hasScannedForEncodings = 0;
			knownRegions = (
				en,
				Base,
			);
			mainGroup = 630D573B2971941F0072E651;
			packageReferences = (
				630D57662971B1790072E651 /* XCRemoteSwiftPackageReference "firebase-ios-sdk" */,
			);
			productRefGroup = 630D57452971941F0072E651 /* Products */;
			projectDirPath = "";
			projectRoot = "";
			targets = (
				630D57432971941F0072E651 /* PyktoChat */,
			);
		};
/* End PBXProject section */

/* Begin PBXResourcesBuildPhase section */
		630D57422971941F0072E651 /* Resources */ = {
			isa = PBXResourcesBuildPhase;
			buildActionMask = 2147483647;
			files = (
				630D576029719C750072E651 /* LexendDeca-Regular.ttf in Resources */,
				630D575F29719C750072E651 /* LexendDeca-SemiBold.ttf in Resources */,
				630D574F297194200072E651 /* Preview Assets.xcassets in Resources */,
				630D574C297194200072E651 /* Assets.xcassets in Resources */,
				630D575E29719C750072E651 /* LexendDeca-Bold.ttf in Resources */,
				630D57652971AD320072E651 /* GoogleService-Info.plist in Resources */,
			);
			runOnlyForDeploymentPostprocessing = 0;
		};
/* End PBXResourcesBuildPhase section */

/* Begin PBXSourcesBuildPhase section */
		630D57402971941F0072E651 /* Sources */ = {
			isa = PBXSourcesBuildPhase;
			buildActionMask = 2147483647;
			files = (
				630D57732971C2670072E651 /* AuthViewModel.swift in Sources */,
				630D57702971B2330072E651 /* AppDelegate.swift in Sources */,
				630D574A2971941F0072E651 /* RootView.swift in Sources */,
				630D576329719F3B0072E651 /* Fonts.swift in Sources */,
				630D577F2971CB3F0072E651 /* SyncContactsView.swift in Sources */,
				630D577D2971CB2D0072E651 /* CreateProfileView.swift in Sources */,
				630D57482971941F0072E651 /* PyktoChatApp.swift in Sources */,
				630D57752971C8600072E651 /* OnboardingContainerView.swift in Sources */,
				6308CB8E2971DFB600B0766D /* DrawView.swift in Sources */,
				6308CB8C2971D52700B0766D /* OnboardingButtonFile.swift in Sources */,
				630D577B2971CB1E0072E651 /* VerificationView.swift in Sources */,
				630D57792971CB070072E651 /* PhoneNumberView.swift in Sources */,
				630D57772971CAFC0072E651 /* WelcomeView.swift in Sources */,
			);
			runOnlyForDeploymentPostprocessing = 0;
		};
/* End PBXSourcesBuildPhase section */

/* Begin XCBuildConfiguration section */
		630D5750297194200072E651 /* Debug */ = {
			isa = XCBuildConfiguration;
			buildSettings = {
				ALWAYS_SEARCH_USER_PATHS = NO;
				CLANG_ANALYZER_NONNULL = YES;
				CLANG_ANALYZER_NUMBER_OBJECT_CONVERSION = YES_AGGRESSIVE;
				CLANG_CXX_LANGUAGE_STANDARD = "gnu++20";
				CLANG_ENABLE_MODULES = YES;
				CLANG_ENABLE_OBJC_ARC = YES;
				CLANG_ENABLE_OBJC_WEAK = YES;
				CLANG_WARN_BLOCK_CAPTURE_AUTORELEASING = YES;
				CLANG_WARN_BOOL_CONVERSION = YES;
				CLANG_WARN_COMMA = YES;
				CLANG_WARN_CONSTANT_CONVERSION = YES;
				CLANG_WARN_DEPRECATED_OBJC_IMPLEMENTATIONS = YES;
				CLANG_WARN_DIRECT_OBJC_ISA_USAGE = YES_ERROR;
				CLANG_WARN_DOCUMENTATION_COMMENTS = YES;
				CLANG_WARN_EMPTY_BODY = YES;
				CLANG_WARN_ENUM_CONVERSION = YES;
				CLANG_WARN_INFINITE_RECURSION = YES;
				CLANG_WARN_INT_CONVERSION = YES;
				CLANG_WARN_NON_LITERAL_NULL_CONVERSION = YES;
				CLANG_WARN_OBJC_IMPLICIT_RETAIN_SELF = YES;
				CLANG_WARN_OBJC_LITERAL_CONVERSION = YES;
				CLANG_WARN_OBJC_ROOT_CLASS = YES_ERROR;
				CLANG_WARN_QUOTED_INCLUDE_IN_FRAMEWORK_HEADER = YES;
				CLANG_WARN_RANGE_LOOP_ANALYSIS = YES;
				CLANG_WARN_STRICT_PROTOTYPES = YES;
				CLANG_WARN_SUSPICIOUS_MOVE = YES;
				CLANG_WARN_UNGUARDED_AVAILABILITY = YES_AGGRESSIVE;
				CLANG_WARN_UNREACHABLE_CODE = YES;
				CLANG_WARN__DUPLICATE_METHOD_MATCH = YES;
				COPY_PHASE_STRIP = NO;
				DEBUG_INFORMATION_FORMAT = dwarf;
				ENABLE_STRICT_OBJC_MSGSEND = YES;
				ENABLE_TESTABILITY = YES;
				GCC_C_LANGUAGE_STANDARD = gnu11;
				GCC_DYNAMIC_NO_PIC = NO;
				GCC_NO_COMMON_BLOCKS = YES;
				GCC_OPTIMIZATION_LEVEL = 0;
				GCC_PREPROCESSOR_DEFINITIONS = (
					"DEBUG=1",
					"$(inherited)",
				);
				GCC_WARN_64_TO_32_BIT_CONVERSION = YES;
				GCC_WARN_ABOUT_RETURN_TYPE = YES_ERROR;
				GCC_WARN_UNDECLARED_SELECTOR = YES;
				GCC_WARN_UNINITIALIZED_AUTOS = YES_AGGRESSIVE;
				GCC_WARN_UNUSED_FUNCTION = YES;
				GCC_WARN_UNUSED_VARIABLE = YES;
				IPHONEOS_DEPLOYMENT_TARGET = 16.2;
				MTL_ENABLE_DEBUG_INFO = INCLUDE_SOURCE;
				MTL_FAST_MATH = YES;
				ONLY_ACTIVE_ARCH = YES;
				SDKROOT = iphoneos;
				SWIFT_ACTIVE_COMPILATION_CONDITIONS = DEBUG;
				SWIFT_OPTIMIZATION_LEVEL = "-Onone";
			};
			name = Debug;
		};
		630D5751297194200072E651 /* Release */ = {
			isa = XCBuildConfiguration;
			buildSettings = {
				ALWAYS_SEARCH_USER_PATHS = NO;
				CLANG_ANALYZER_NONNULL = YES;
				CLANG_ANALYZER_NUMBER_OBJECT_CONVERSION = YES_AGGRESSIVE;
				CLANG_CXX_LANGUAGE_STANDARD = "gnu++20";
				CLANG_ENABLE_MODULES = YES;
				CLANG_ENABLE_OBJC_ARC = YES;
				CLANG_ENABLE_OBJC_WEAK = YES;
				CLANG_WARN_BLOCK_CAPTURE_AUTORELEASING = YES;
				CLANG_WARN_BOOL_CONVERSION = YES;
				CLANG_WARN_COMMA = YES;
				CLANG_WARN_CONSTANT_CONVERSION = YES;
				CLANG_WARN_DEPRECATED_OBJC_IMPLEMENTATIONS = YES;
				CLANG_WARN_DIRECT_OBJC_ISA_USAGE = YES_ERROR;
				CLANG_WARN_DOCUMENTATION_COMMENTS = YES;
				CLANG_WARN_EMPTY_BODY = YES;
				CLANG_WARN_ENUM_CONVERSION = YES;
				CLANG_WARN_INFINITE_RECURSION = YES;
				CLANG_WARN_INT_CONVERSION = YES;
				CLANG_WARN_NON_LITERAL_NULL_CONVERSION = YES;
				CLANG_WARN_OBJC_IMPLICIT_RETAIN_SELF = YES;
				CLANG_WARN_OBJC_LITERAL_CONVERSION = YES;
				CLANG_WARN_OBJC_ROOT_CLASS = YES_ERROR;
				CLANG_WARN_QUOTED_INCLUDE_IN_FRAMEWORK_HEADER = YES;
				CLANG_WARN_RANGE_LOOP_ANALYSIS = YES;
				CLANG_WARN_STRICT_PROTOTYPES = YES;
				CLANG_WARN_SUSPICIOUS_MOVE = YES;
				CLANG_WARN_UNGUARDED_AVAILABILITY = YES_AGGRESSIVE;
				CLANG_WARN_UNREACHABLE_CODE = YES;
				CLANG_WARN__DUPLICATE_METHOD_MATCH = YES;
				COPY_PHASE_STRIP = NO;
				DEBUG_INFORMATION_FORMAT = "dwarf-with-dsym";
				ENABLE_NS_ASSERTIONS = NO;
				ENABLE_STRICT_OBJC_MSGSEND = YES;
				GCC_C_LANGUAGE_STANDARD = gnu11;
				GCC_NO_COMMON_BLOCKS = YES;
				GCC_WARN_64_TO_32_BIT_CONVERSION = YES;
				GCC_WARN_ABOUT_RETURN_TYPE = YES_ERROR;
				GCC_WARN_UNDECLARED_SELECTOR = YES;
				GCC_WARN_UNINITIALIZED_AUTOS = YES_AGGRESSIVE;
				GCC_WARN_UNUSED_FUNCTION = YES;
				GCC_WARN_UNUSED_VARIABLE = YES;
				IPHONEOS_DEPLOYMENT_TARGET = 16.2;
				MTL_ENABLE_DEBUG_INFO = NO;
				MTL_FAST_MATH = YES;
				SDKROOT = iphoneos;
				SWIFT_COMPILATION_MODE = wholemodule;
				SWIFT_OPTIMIZATION_LEVEL = "-O";
				VALIDATE_PRODUCT = YES;
			};
			name = Release;
		};
		630D5753297194200072E651 /* Debug */ = {
			isa = XCBuildConfiguration;
			buildSettings = {
				ASSETCATALOG_COMPILER_APPICON_NAME = AppIcon;
				ASSETCATALOG_COMPILER_GLOBAL_ACCENT_COLOR_NAME = AccentColor;
				CODE_SIGN_ENTITLEMENTS = PyktoChat/PyktoChat.entitlements;
				CODE_SIGN_IDENTITY = "Apple Development";
				CODE_SIGN_STYLE = Automatic;
				CURRENT_PROJECT_VERSION = 1;
				DEVELOPMENT_ASSET_PATHS = "\"PyktoChat/Preview Content\"";
				DEVELOPMENT_TEAM = P5LM23L9KQ;
				ENABLE_PREVIEWS = YES;
				GENERATE_INFOPLIST_FILE = YES;
				INFOPLIST_FILE = PyktoChat/Info.plist;
				INFOPLIST_KEY_UIApplicationSceneManifest_Generation = YES;
				INFOPLIST_KEY_UIApplicationSupportsIndirectInputEvents = YES;
				INFOPLIST_KEY_UILaunchScreen_Generation = YES;
				INFOPLIST_KEY_UISupportedInterfaceOrientations_iPad = "UIInterfaceOrientationPortrait UIInterfaceOrientationPortraitUpsideDown UIInterfaceOrientationLandscapeLeft UIInterfaceOrientationLandscapeRight";
				INFOPLIST_KEY_UISupportedInterfaceOrientations_iPhone = "UIInterfaceOrientationPortrait UIInterfaceOrientationLandscapeLeft UIInterfaceOrientationLandscapeRight";
				LD_RUNPATH_SEARCH_PATHS = (
					"$(inherited)",
					"@executable_path/Frameworks",
				);
				MARKETING_VERSION = 1.0;
				PRODUCT_BUNDLE_IDENTIFIER = com.scottmcnally.PyktoChat;
				PRODUCT_NAME = "$(TARGET_NAME)";
				PROVISIONING_PROFILE_SPECIFIER = "";
				SWIFT_EMIT_LOC_STRINGS = YES;
				SWIFT_VERSION = 5.0;
				TARGETED_DEVICE_FAMILY = "1,2";
			};
			name = Debug;
		};
		630D5754297194200072E651 /* Release */ = {
			isa = XCBuildConfiguration;
			buildSettings = {
				ASSETCATALOG_COMPILER_APPICON_NAME = AppIcon;
				ASSETCATALOG_COMPILER_GLOBAL_ACCENT_COLOR_NAME = AccentColor;
				CODE_SIGN_ENTITLEMENTS = PyktoChat/PyktoChat.entitlements;
				CODE_SIGN_IDENTITY = "Apple Development";
				CODE_SIGN_STYLE = Automatic;
				CURRENT_PROJECT_VERSION = 1;
				DEVELOPMENT_ASSET_PATHS = "\"PyktoChat/Preview Content\"";
				DEVELOPMENT_TEAM = P5LM23L9KQ;
				ENABLE_PREVIEWS = YES;
				GENERATE_INFOPLIST_FILE = YES;
				INFOPLIST_FILE = PyktoChat/Info.plist;
				INFOPLIST_KEY_UIApplicationSceneManifest_Generation = YES;
				INFOPLIST_KEY_UIApplicationSupportsIndirectInputEvents = YES;
				INFOPLIST_KEY_UILaunchScreen_Generation = YES;
				INFOPLIST_KEY_UISupportedInterfaceOrientations_iPad = "UIInterfaceOrientationPortrait UIInterfaceOrientationPortraitUpsideDown UIInterfaceOrientationLandscapeLeft UIInterfaceOrientationLandscapeRight";
				INFOPLIST_KEY_UISupportedInterfaceOrientations_iPhone = "UIInterfaceOrientationPortrait UIInterfaceOrientationLandscapeLeft UIInterfaceOrientationLandscapeRight";
				LD_RUNPATH_SEARCH_PATHS = (
					"$(inherited)",
					"@executable_path/Frameworks",
				);
				MARKETING_VERSION = 1.0;
				PRODUCT_BUNDLE_IDENTIFIER = com.scottmcnally.PyktoChat;
				PRODUCT_NAME = "$(TARGET_NAME)";
				PROVISIONING_PROFILE_SPECIFIER = "";
				SWIFT_EMIT_LOC_STRINGS = YES;
				SWIFT_VERSION = 5.0;
				TARGETED_DEVICE_FAMILY = "1,2";
			};
			name = Release;
		};
/* End XCBuildConfiguration section */

/* Begin XCConfigurationList section */
		630D573F2971941F0072E651 /* Build configuration list for PBXProject "PyktoChat" */ = {
			isa = XCConfigurationList;
			buildConfigurations = (
				630D5750297194200072E651 /* Debug */,
				630D5751297194200072E651 /* Release */,
			);
			defaultConfigurationIsVisible = 0;
			defaultConfigurationName = Release;
		};
		630D5752297194200072E651 /* Build configuration list for PBXNativeTarget "PyktoChat" */ = {
			isa = XCConfigurationList;
			buildConfigurations = (
				630D5753297194200072E651 /* Debug */,
				630D5754297194200072E651 /* Release */,
			);
			defaultConfigurationIsVisible = 0;
			defaultConfigurationName = Release;
		};
/* End XCConfigurationList section */

/* Begin XCRemoteSwiftPackageReference section */
		630D57662971B1790072E651 /* XCRemoteSwiftPackageReference "firebase-ios-sdk" */ = {
			isa = XCRemoteSwiftPackageReference;
			repositoryURL = "https://github.com/firebase/firebase-ios-sdk";
			requirement = {
				kind = upToNextMajorVersion;
				minimumVersion = 9.0.0;
			};
		};
/* End XCRemoteSwiftPackageReference section */

/* Begin XCSwiftPackageProductDependency section */
		630D57672971B1790072E651 /* FirebaseAuth */ = {
			isa = XCSwiftPackageProductDependency;
			package = 630D57662971B1790072E651 /* XCRemoteSwiftPackageReference "firebase-ios-sdk" */;
			productName = FirebaseAuth;
		};
		630D57692971B1790072E651 /* FirebaseFirestore */ = {
			isa = XCSwiftPackageProductDependency;
			package = 630D57662971B1790072E651 /* XCRemoteSwiftPackageReference "firebase-ios-sdk" */;
			productName = FirebaseFirestore;
		};
		630D576B2971B1790072E651 /* FirebaseFirestoreSwift */ = {
			isa = XCSwiftPackageProductDependency;
			package = 630D57662971B1790072E651 /* XCRemoteSwiftPackageReference "firebase-ios-sdk" */;
			productName = FirebaseFirestoreSwift;
		};
		630D576D2971B1790072E651 /* FirebaseStorage */ = {
			isa = XCSwiftPackageProductDependency;
			package = 630D57662971B1790072E651 /* XCRemoteSwiftPackageReference "firebase-ios-sdk" */;
			productName = FirebaseStorage;
		};
/* End XCSwiftPackageProductDependency section */
	};
	rootObject = 630D573C2971941F0072E651 /* Project object */;
}
